
Microsoft Visual Studio Solution File, Format Version 12.00
# Visual Studio 15
VisualStudioVersion = 15.0.27004.2009
MinimumVisualStudioVersion = 10.0.40219.1
Project("{FAE04EC0-301F-11D3-BF4B-00C04F79EFBC}") = "iShare", "iShare\iShare.csproj", "{82DB0B77-D785-4C4B-9060-6BD295F1BE0F}"
EndProject
Project("{54435603-DBB4-11D2-8724-00A0C9A8B90C}") = "iShare - Setup", "iShare - Setup\iShare - Setup.vdproj", "{6509EFCC-EF08-4059-978C-7C1755A948CA}"
EndProject
Global
	GlobalSection(SolutionConfigurationPlatforms) = preSolution
		Debug|Any CPU = Debug|Any CPU
		Release|Any CPU = Release|Any CPU
	EndGlobalSection
	GlobalSection(ProjectConfigurationPlatforms) = postSolution
		{82DB0B77-D785-4C4B-9060-6BD295F1BE0F}.Debug|Any CPU.ActiveCfg = Debug|Any CPU
		{82DB0B77-D785-4C4B-9060-6BD295F1BE0F}.Debug|Any CPU.Build.0 = Debug|Any CPU
		{82DB0B77-D785-4C4B-9060-6BD295F1BE0F}.Release|Any CPU.ActiveCfg = Release|Any CPU
		{82DB0B77-D785-4C4B-9060-6BD295F1BE0F}.Release|Any CPU.Build.0 = Release|Any CPU
		{6509EFCC-EF08-4059-978C-7C1755A948CA}.Debug|Any CPU.ActiveCfg = Debug
		{6509EFCC-EF08-4059-978C-7C1755A948CA}.Release|Any CPU.ActiveCfg = Release
	EndGlobalSection
	GlobalSection(SolutionProperties) = preSolution
		HideSolutionNode = FALSE
	EndGlobalSection
	GlobalSection(ExtensibilityGlobals) = postSolution
		SolutionGuid = {01D0E696-1A1A-4B85-BB16-36EA5543762D}
	EndGlobalSection
EndGlobal
